Microsoft Visual Studio Solution File, Format Version 12.00
# Visual Studio Version 17
VisualStudioVersion = 17.5.2.0
MinimumVisualStudioVersion = 10.0.40219.1
Project("{FAE04EC0-301F-11D3-BF4B-00C04F79EFBC}") = "EventHorizon_API", "EventHorizon_API.csproj", "{B740DC91-CCF2-E88D-F89E-867F5E917E22}"
EndProject
Global
	GlobalSection(SolutionConfigurationPlatforms) = preSolution
		Debug|Any CPU = Debug|Any CPU
		Release|Any CPU = Release|Any CPU
	EndGlobalSection
	GlobalSection(ProjectConfigurationPlatforms) = postSolution
		{B740DC91-CCF2-E88D-F89E-867F5E917E22}.Debug|Any CPU.ActiveCfg = Debug|Any CPU
		{B740DC91-CCF2-E88D-F89E-867F5E917E22}.Debug|Any CPU.Build.0 = Debug|Any CPU
		{B740DC91-CCF2-E88D-F89E-867F5E917E22}.Release|Any CPU.ActiveCfg = Release|Any CPU
		{B740DC91-CCF2-E88D-F89E-867F5E917E22}.Release|Any CPU.Build.0 = Release|Any CPU
	EndGlobalSection
	GlobalSection(SolutionProperties) = preSolution
		HideSolutionNode = FALSE
	EndGlobalSection
	GlobalSection(ExtensibilityGlobals) = postSolution
		SolutionGuid = {2C054D0E-96BF-4297-8982-0F8FA6A5F98F}
	EndGlobalSection
EndGlobal
